
Microsoft Visual Studio Solution File, Format Version 12.00
# Visual Studio Version 16
VisualStudioVersion = 16.0.33423.256
MinimumVisualStudioVersion = 10.0.40219.1
Project("{FAE04EC0-301F-11D3-BF4B-00C04F79EFBC}") = "Day2", "Day2\Day2.csproj", "{886B08C6-E42F-4726-8C0A-ACFCA60EE921}"
EndProject
Global
	GlobalSection(SolutionConfigurationPlatforms) = preSolution
		Debug|Any CPU = Debug|Any CPU
		Release|Any CPU = Release|Any CPU
	EndGlobalSection
	GlobalSection(ProjectConfigurationPlatforms) = postSolution
		{886B08C6-E42F-4726-8C0A-ACFCA60EE921}.Debug|Any CPU.ActiveCfg = Debug|Any CPU
		{886B08C6-E42F-4726-8C0A-ACFCA60EE921}.Debug|Any CPU.Build.0 = Debug|Any CPU
		{886B08C6-E42F-4726-8C0A-ACFCA60EE921}.Release|Any CPU.ActiveCfg = Release|Any CPU
		{886B08C6-E42F-4726-8C0A-ACFCA60EE921}.Release|Any CPU.Build.0 = Release|Any CPU
	EndGlobalSection
	GlobalSection(SolutionProperties) = preSolution
		HideSolutionNode = FALSE
	EndGlobalSection
	GlobalSection(ExtensibilityGlobals) = postSolution
		SolutionGuid = {15DACAEE-55E3-4831-A40C-5301B2AA1A2C}
	EndGlobalSection
EndGlobal
